
Microsoft Visual Studio Solution File, Format Version 12.00
# Visual Studio Version 17
VisualStudioVersion = 17.0.31903.59
MinimumVisualStudioVersion = 10.0.40219.1
Project("{2150E333-8FDC-42A3-9474-1A3956D46DE8}") = "src", "src", "{F2A40F14-D604-45CF-B4B4-CE4A868C3CE7}"
EndProject
Project("{FAE04EC0-301F-11D3-BF4B-00C04F79EFBC}") = "ManageBooks.Api", "src\ManageBooks.Api\ManageBooks.Api.csproj", "{37B6BFC8-AC2A-4229-886C-F10A489C21F9}"
EndProject
Project("{FAE04EC0-301F-11D3-BF4B-00C04F79EFBC}") = "ManageBooks.Application", "src\ManageBooks.Application\ManageBooks.Application.csproj", "{BE295337-12F0-4DF6-B2F9-0A228F8622FC}"
EndProject
Project("{FAE04EC0-301F-11D3-BF4B-00C04F79EFBC}") = "ManageBooks.Domain", "src\ManageBooks.Domain\ManageBooks.Domain.csproj", "{6F16BDA3-B811-43F7-BD09-CD1203814E79}"
EndProject
Project("{FAE04EC0-301F-11D3-BF4B-00C04F79EFBC}") = "ManageBooks.Infrastructure", "src\ManageBooks.Infrastructure\ManageBooks.Infrastructure.csproj", "{FD767886-ED39-4660-BAF0-39BDF90DAB4A}"
EndProject
Project("{2150E333-8FDC-42A3-9474-1A3956D46DE8}") = "tests", "tests", "{E5277E9F-3D60-4625-908A-242510E1DA76}"
EndProject
Project("{FAE04EC0-301F-11D3-BF4B-00C04F79EFBC}") = "ManageBooks.IntegrationTests", "tests\ManageBooks.IntegrationTests\ManageBooks.IntegrationTests.csproj", "{E7E61DEF-0138-4CBD-BB73-29B47841FD7C}"
EndProject
Project("{FAE04EC0-301F-11D3-BF4B-00C04F79EFBC}") = "ManageBooks.UnitTests", "tests\ManageBooks.UnitTests\ManageBooks.UnitTests.csproj", "{B55D8679-EB16-4BCA-A50C-B3E794B0586A}"
EndProject
Global
	GlobalSection(SolutionConfigurationPlatforms) = preSolution
		Debug|Any CPU = Debug|Any CPU
		Release|Any CPU = Release|Any CPU
	EndGlobalSection
	GlobalSection(SolutionProperties) = preSolution
		HideSolutionNode = FALSE
	EndGlobalSection
	GlobalSection(ProjectConfigurationPlatforms) = postSolution
		{37B6BFC8-AC2A-4229-886C-F10A489C21F9}.Debug|Any CPU.ActiveCfg = Debug|Any CPU
		{37B6BFC8-AC2A-4229-886C-F10A489C21F9}.Debug|Any CPU.Build.0 = Debug|Any CPU
		{37B6BFC8-AC2A-4229-886C-F10A489C21F9}.Release|Any CPU.ActiveCfg = Release|Any CPU
		{37B6BFC8-AC2A-4229-886C-F10A489C21F9}.Release|Any CPU.Build.0 = Release|Any CPU
		{BE295337-12F0-4DF6-B2F9-0A228F8622FC}.Debug|Any CPU.ActiveCfg = Debug|Any CPU
		{BE295337-12F0-4DF6-B2F9-0A228F8622FC}.Debug|Any CPU.Build.0 = Debug|Any CPU
		{BE295337-12F0-4DF6-B2F9-0A228F8622FC}.Release|Any CPU.ActiveCfg = Release|Any CPU
		{BE295337-12F0-4DF6-B2F9-0A228F8622FC}.Release|Any CPU.Build.0 = Release|Any CPU
		{6F16BDA3-B811-43F7-BD09-CD1203814E79}.Debug|Any CPU.ActiveCfg = Debug|Any CPU
		{6F16BDA3-B811-43F7-BD09-CD1203814E79}.Debug|Any CPU.Build.0 = Debug|Any CPU
		{6F16BDA3-B811-43F7-BD09-CD1203814E79}.Release|Any CPU.ActiveCfg = Release|Any CPU
		{6F16BDA3-B811-43F7-BD09-CD1203814E79}.Release|Any CPU.Build.0 = Release|Any CPU
		{FD767886-ED39-4660-BAF0-39BDF90DAB4A}.Debug|Any CPU.ActiveCfg = Debug|Any CPU
		{FD767886-ED39-4660-BAF0-39BDF90DAB4A}.Debug|Any CPU.Build.0 = Debug|Any CPU
		{FD767886-ED39-4660-BAF0-39BDF90DAB4A}.Release|Any CPU.ActiveCfg = Release|Any CPU
		{FD767886-ED39-4660-BAF0-39BDF90DAB4A}.Release|Any CPU.Build.0 = Release|Any CPU
		{E7E61DEF-0138-4CBD-BB73-29B47841FD7C}.Debug|Any CPU.ActiveCfg = Debug|Any CPU
		{E7E61DEF-0138-4CBD-BB73-29B47841FD7C}.Debug|Any CPU.Build.0 = Debug|Any CPU
		{E7E61DEF-0138-4CBD-BB73-29B47841FD7C}.Release|Any CPU.ActiveCfg = Release|Any CPU
		{E7E61DEF-0138-4CBD-BB73-29B47841FD7C}.Release|Any CPU.Build.0 = Release|Any CPU
		{B55D8679-EB16-4BCA-A50C-B3E794B0586A}.Debug|Any CPU.ActiveCfg = Debug|Any CPU
		{B55D8679-EB16-4BCA-A50C-B3E794B0586A}.Debug|Any CPU.Build.0 = Debug|Any CPU
		{B55D8679-EB16-4BCA-A50C-B3E794B0586A}.Release|Any CPU.ActiveCfg = Release|Any CPU
		{B55D8679-EB16-4BCA-A50C-B3E794B0586A}.Release|Any CPU.Build.0 = Release|Any CPU
	EndGlobalSection
	GlobalSection(NestedProjects) = preSolution
		{37B6BFC8-AC2A-4229-886C-F10A489C21F9} = {F2A40F14-D604-45CF-B4B4-CE4A868C3CE7}
		{BE295337-12F0-4DF6-B2F9-0A228F8622FC} = {F2A40F14-D604-45CF-B4B4-CE4A868C3CE7}
		{6F16BDA3-B811-43F7-BD09-CD1203814E79} = {F2A40F14-D604-45CF-B4B4-CE4A868C3CE7}
		{FD767886-ED39-4660-BAF0-39BDF90DAB4A} = {F2A40F14-D604-45CF-B4B4-CE4A868C3CE7}
		{E7E61DEF-0138-4CBD-BB73-29B47841FD7C} = {E5277E9F-3D60-4625-908A-242510E1DA76}
		{B55D8679-EB16-4BCA-A50C-B3E794B0586A} = {E5277E9F-3D60-4625-908A-242510E1DA76}
	EndGlobalSection
EndGlobal
